
Microsoft Visual Studio Solution File, Format Version 11.00
# Visual Studio 2010
Project("{FAE04EC0-301F-11D3-BF4B-00C04F79EFBC}") = "campingsim", "Assembly-CSharp.csproj", "{8231C83D-6B69-417A-2BDE-6BA26232A55A}"
EndProject
Project("{FAE04EC0-301F-11D3-BF4B-00C04F79EFBC}") = "campingsim", "Assembly-CSharp-firstpass.csproj", "{38B8C97E-F033-9623-DE55-BF45A9B420DB}"
EndProject
Project("{FAE04EC0-301F-11D3-BF4B-00C04F79EFBC}") = "campingsim", "Assembly-CSharp-Editor.csproj", "{61679AEB-C67D-B196-C09A-FC50050439F7}"
EndProject
Project("{FAE04EC0-301F-11D3-BF4B-00C04F79EFBC}") = "campingsim", "Assembly-CSharp-Editor-firstpass.csproj", "{427B5C50-AF39-B397-6787-22D8C09BF870}"
EndProject
Global
	GlobalSection(SolutionConfigurationPlatforms) = preSolution
		Debug|Any CPU = Debug|Any CPU
		Release|Any CPU = Release|Any CPU
	EndGlobalSection
	GlobalSection(ProjectConfigurationPlatforms) = postSolution
		{8231C83D-6B69-417A-2BDE-6BA26232A55A}.Debug|Any CPU.ActiveCfg = Debug|Any CPU
		{8231C83D-6B69-417A-2BDE-6BA26232A55A}.Debug|Any CPU.Build.0 = Debug|Any CPU
		{8231C83D-6B69-417A-2BDE-6BA26232A55A}.Release|Any CPU.ActiveCfg = Release|Any CPU
		{8231C83D-6B69-417A-2BDE-6BA26232A55A}.Release|Any CPU.Build.0 = Release|Any CPU
		{38B8C97E-F033-9623-DE55-BF45A9B420DB}.Debug|Any CPU.ActiveCfg = Debug|Any CPU
		{38B8C97E-F033-9623-DE55-BF45A9B420DB}.Debug|Any CPU.Build.0 = Debug|Any CPU
		{38B8C97E-F033-9623-DE55-BF45A9B420DB}.Release|Any CPU.ActiveCfg = Release|Any CPU
		{38B8C97E-F033-9623-DE55-BF45A9B420DB}.Release|Any CPU.Build.0 = Release|Any CPU
		{61679AEB-C67D-B196-C09A-FC50050439F7}.Debug|Any CPU.ActiveCfg = Debug|Any CPU
		{61679AEB-C67D-B196-C09A-FC50050439F7}.Debug|Any CPU.Build.0 = Debug|Any CPU
		{61679AEB-C67D-B196-C09A-FC50050439F7}.Release|Any CPU.ActiveCfg = Release|Any CPU
		{61679AEB-C67D-B196-C09A-FC50050439F7}.Release|Any CPU.Build.0 = Release|Any CPU
		{427B5C50-AF39-B397-6787-22D8C09BF870}.Debug|Any CPU.ActiveCfg = Debug|Any CPU
		{427B5C50-AF39-B397-6787-22D8C09BF870}.Debug|Any CPU.Build.0 = Debug|Any CPU
		{427B5C50-AF39-B397-6787-22D8C09BF870}.Release|Any CPU.ActiveCfg = Release|Any CPU
		{427B5C50-AF39-B397-6787-22D8C09BF870}.Release|Any CPU.Build.0 = Release|Any CPU
	EndGlobalSection
	GlobalSection(SolutionProperties) = preSolution
		HideSolutionNode = FALSE
	EndGlobalSection
	GlobalSection(MonoDevelopProperties) = preSolution
		StartupItem = Assembly-CSharp.csproj
	EndGlobalSection
EndGlobal
